
Microsoft Visual Studio Solution File, Format Version 12.00
# Visual Studio Version 17
VisualStudioVersion = 17.9.34723.18
MinimumVisualStudioVersion = 10.0.40219.1
Project("{9A19103F-16F7-4668-BE54-9A1E7A4F7556}") = "T011_CSharpFundamentals", "T011_CSharpFundamentals\T011_CSharpFundamentals.csproj", "{4E43A4A2-C95A-4DAB-B644-04F3109754BF}"
EndProject
Project("{9A19103F-16F7-4668-BE54-9A1E7A4F7556}") = "T035_Assignment_SimpleCalculator", "T035_Assignment_SimpleCalculator\T035_Assignment_SimpleCalculator.csproj", "{2532B8FF-956F-4FB0-B109-C528A1018205}"
EndProject
Project("{9A19103F-16F7-4668-BE54-9A1E7A4F7556}") = "T057_Assignment_TodoList", "T057_Assignment_TodoList\T057_Assignment_TodoList.csproj", "{97B10E01-1C09-406E-A674-6227AB7B7E4A}"
EndProject
Project("{9A19103F-16F7-4668-BE54-9A1E7A4F7556}") = "T062_BasicsOfOOP", "T062_BasicsOfOOP\T062_BasicsOfOOP.csproj", "{3556BC25-36AD-4184-B802-02CB42A11BF8}"
EndProject
Project("{9A19103F-16F7-4668-BE54-9A1E7A4F7556}") = "T092_Assignment_DiceRollGame", "T092_Assignment_DiceRollGame\T092_Assignment_DiceRollGame.csproj", "{7E6E06D1-ED39-4455-B5ED-AC5341CD8F8D}"
EndProject
Project("{9A19103F-16F7-4668-BE54-9A1E7A4F7556}") = "T099_OOP", "T099_OOP\T099_OOP.csproj", "{112431F3-D556-4AC2-AE28-879E61EFC7CD}"
EndProject
Project("{9A19103F-16F7-4668-BE54-9A1E7A4F7556}") = "T104_Practice_VirtualMethods", "T104_Practice_VirtualMethods\T104_Practice_VirtualMethods.csproj", "{7AE5A1AA-B50F-49CF-9D88-E7DC99A2206A}"
EndProject
Project("{9A19103F-16F7-4668-BE54-9A1E7A4F7556}") = "T125_Assignment_CookiesCookbook", "T125_Assignment_CookiesCookbook\T125_Assignment_CookiesCookbook.csproj", "{A08F3859-410B-4FCC-98DF-9CB2E2C06958}"
EndProject
Project("{9A19103F-16F7-4668-BE54-9A1E7A4F7556}") = "T127_Solution_CookiesCookbook", "T127_Solution_CookiesCookbook\T127_Solution_CookiesCookbook.csproj", "{D467B1D0-E902-40EA-9167-BC8F021506E5}"
EndProject
Project("{FAE04EC0-301F-11D3-BF4B-00C04F79EFBC}") = "T137_ExceptionAndErrorHandling", "T137_ExceptionAndErrorHandling\T137_ExceptionAndErrorHandling.csproj", "{8558CD2A-D35F-42D5-92ED-1527A17123BE}"
EndProject
Global
	GlobalSection(SolutionConfigurationPlatforms) = preSolution
		Debug|Any CPU = Debug|Any CPU
		Release|Any CPU = Release|Any CPU
	EndGlobalSection
	GlobalSection(ProjectConfigurationPlatforms) = postSolution
		{4E43A4A2-C95A-4DAB-B644-04F3109754BF}.Debug|Any CPU.ActiveCfg = Debug|Any CPU
		{4E43A4A2-C95A-4DAB-B644-04F3109754BF}.Debug|Any CPU.Build.0 = Debug|Any CPU
		{4E43A4A2-C95A-4DAB-B644-04F3109754BF}.Release|Any CPU.ActiveCfg = Release|Any CPU
		{4E43A4A2-C95A-4DAB-B644-04F3109754BF}.Release|Any CPU.Build.0 = Release|Any CPU
		{2532B8FF-956F-4FB0-B109-C528A1018205}.Debug|Any CPU.ActiveCfg = Debug|Any CPU
		{2532B8FF-956F-4FB0-B109-C528A1018205}.Debug|Any CPU.Build.0 = Debug|Any CPU
		{2532B8FF-956F-4FB0-B109-C528A1018205}.Release|Any CPU.ActiveCfg = Release|Any CPU
		{2532B8FF-956F-4FB0-B109-C528A1018205}.Release|Any CPU.Build.0 = Release|Any CPU
		{97B10E01-1C09-406E-A674-6227AB7B7E4A}.Debug|Any CPU.ActiveCfg = Debug|Any CPU
		{97B10E01-1C09-406E-A674-6227AB7B7E4A}.Debug|Any CPU.Build.0 = Debug|Any CPU
		{97B10E01-1C09-406E-A674-6227AB7B7E4A}.Release|Any CPU.ActiveCfg = Release|Any CPU
		{97B10E01-1C09-406E-A674-6227AB7B7E4A}.Release|Any CPU.Build.0 = Release|Any CPU
		{3556BC25-36AD-4184-B802-02CB42A11BF8}.Debug|Any CPU.ActiveCfg = Debug|Any CPU
		{3556BC25-36AD-4184-B802-02CB42A11BF8}.Debug|Any CPU.Build.0 = Debug|Any CPU
		{3556BC25-36AD-4184-B802-02CB42A11BF8}.Release|Any CPU.ActiveCfg = Release|Any CPU
		{3556BC25-36AD-4184-B802-02CB42A11BF8}.Release|Any CPU.Build.0 = Release|Any CPU
		{7E6E06D1-ED39-4455-B5ED-AC5341CD8F8D}.Debug|Any CPU.ActiveCfg = Debug|Any CPU
		{7E6E06D1-ED39-4455-B5ED-AC5341CD8F8D}.Debug|Any CPU.Build.0 = Debug|Any CPU
		{7E6E06D1-ED39-4455-B5ED-AC5341CD8F8D}.Release|Any CPU.ActiveCfg = Release|Any CPU
		{7E6E06D1-ED39-4455-B5ED-AC5341CD8F8D}.Release|Any CPU.Build.0 = Release|Any CPU
		{112431F3-D556-4AC2-AE28-879E61EFC7CD}.Debug|Any CPU.ActiveCfg = Debug|Any CPU
		{112431F3-D556-4AC2-AE28-879E61EFC7CD}.Debug|Any CPU.Build.0 = Debug|Any CPU
		{112431F3-D556-4AC2-AE28-879E61EFC7CD}.Release|Any CPU.ActiveCfg = Release|Any CPU
		{112431F3-D556-4AC2-AE28-879E61EFC7CD}.Release|Any CPU.Build.0 = Release|Any CPU
		{7AE5A1AA-B50F-49CF-9D88-E7DC99A2206A}.Debug|Any CPU.ActiveCfg = Debug|Any CPU
		{7AE5A1AA-B50F-49CF-9D88-E7DC99A2206A}.Debug|Any CPU.Build.0 = Debug|Any CPU
		{7AE5A1AA-B50F-49CF-9D88-E7DC99A2206A}.Release|Any CPU.ActiveCfg = Release|Any CPU
		{7AE5A1AA-B50F-49CF-9D88-E7DC99A2206A}.Release|Any CPU.Build.0 = Release|Any CPU
		{A08F3859-410B-4FCC-98DF-9CB2E2C06958}.Debug|Any CPU.ActiveCfg = Debug|Any CPU
		{A08F3859-410B-4FCC-98DF-9CB2E2C06958}.Debug|Any CPU.Build.0 = Debug|Any CPU
		{A08F3859-410B-4FCC-98DF-9CB2E2C06958}.Release|Any CPU.ActiveCfg = Release|Any CPU
		{A08F3859-410B-4FCC-98DF-9CB2E2C06958}.Release|Any CPU.Build.0 = Release|Any CPU
		{D467B1D0-E902-40EA-9167-BC8F021506E5}.Debug|Any CPU.ActiveCfg = Debug|Any CPU
		{D467B1D0-E902-40EA-9167-BC8F021506E5}.Debug|Any CPU.Build.0 = Debug|Any CPU
		{D467B1D0-E902-40EA-9167-BC8F021506E5}.Release|Any CPU.ActiveCfg = Release|Any CPU
		{D467B1D0-E902-40EA-9167-BC8F021506E5}.Release|Any CPU.Build.0 = Release|Any CPU
		{8558CD2A-D35F-42D5-92ED-1527A17123BE}.Debug|Any CPU.ActiveCfg = Debug|Any CPU
		{8558CD2A-D35F-42D5-92ED-1527A17123BE}.Debug|Any CPU.Build.0 = Debug|Any CPU
		{8558CD2A-D35F-42D5-92ED-1527A17123BE}.Release|Any CPU.ActiveCfg = Release|Any CPU
		{8558CD2A-D35F-42D5-92ED-1527A17123BE}.Release|Any CPU.Build.0 = Release|Any CPU
	EndGlobalSection
	GlobalSection(SolutionProperties) = preSolution
		HideSolutionNode = FALSE
	EndGlobalSection
	GlobalSection(ExtensibilityGlobals) = postSolution
		SolutionGuid = {EE26FF85-782E-4C93-960A-D8B036F7CF58}
	EndGlobalSection
EndGlobal
